
Microsoft Visual Studio Solution File, Format Version 12.00
# Visual Studio 15
VisualStudioVersion = 15.0.28307.271
MinimumVisualStudioVersion = 10.0.40219.1
Project("{FAE04EC0-301F-11D3-BF4B-00C04F79EFBC}") = "TriangleTestApp", "TriangleTestApp\TriangleTestApp.csproj", "{F7AB35CA-5552-4E91-850A-5CF212EE0279}"
EndProject
Project("{FAE04EC0-301F-11D3-BF4B-00C04F79EFBC}") = "UnitTest", "UnitTest\UnitTest.csproj", "{45E16494-A2ED-4618-BAA7-1BF5FDFB9B2B}"
EndProject
Global
	GlobalSection(SolutionConfigurationPlatforms) = preSolution
		Debug|Any CPU = Debug|Any CPU
		Release|Any CPU = Release|Any CPU
	EndGlobalSection
	GlobalSection(ProjectConfigurationPlatforms) = postSolution
		{F7AB35CA-5552-4E91-850A-5CF212EE0279}.Debug|Any CPU.ActiveCfg = Debug|Any CPU
		{F7AB35CA-5552-4E91-850A-5CF212EE0279}.Debug|Any CPU.Build.0 = Debug|Any CPU
		{F7AB35CA-5552-4E91-850A-5CF212EE0279}.Release|Any CPU.ActiveCfg = Release|Any CPU
		{F7AB35CA-5552-4E91-850A-5CF212EE0279}.Release|Any CPU.Build.0 = Release|Any CPU
		{45E16494-A2ED-4618-BAA7-1BF5FDFB9B2B}.Debug|Any CPU.ActiveCfg = Debug|Any CPU
		{45E16494-A2ED-4618-BAA7-1BF5FDFB9B2B}.Debug|Any CPU.Build.0 = Debug|Any CPU
		{45E16494-A2ED-4618-BAA7-1BF5FDFB9B2B}.Release|Any CPU.ActiveCfg = Release|Any CPU
		{45E16494-A2ED-4618-BAA7-1BF5FDFB9B2B}.Release|Any CPU.Build.0 = Release|Any CPU
	EndGlobalSection
	GlobalSection(SolutionProperties) = preSolution
		HideSolutionNode = FALSE
	EndGlobalSection
	GlobalSection(ExtensibilityGlobals) = postSolution
		SolutionGuid = {D8D3998C-8D1C-4615-A2CC-007FDCBB3DBB}
	EndGlobalSection
EndGlobal
